{
  "nodes": {
    "disko": {
      "inputs": {
        "nixpkgs": [
          "nixpkgs-stable"
        ]
      },
      "locked": {
        "lastModified": 1714405407,
        "narHash": "sha256-h3pOvHCXkSdp1KOZqtkQmHgkR7VaOJXDhqhumk7sZLY=",
        "owner": "nix-community",
        "repo": "disko",
        "rev": "5eaf747af38dd272e1ab28a8ec4bd972424b07cf",
        "type": "github"
      },
      "original": {
        "owner": "nix-community",
        "repo": "disko",
        "type": "github"
      }
    },
    "fenix": {
      "inputs": {
        "nixpkgs": [
          "nixpkgs-unstable"
        ],
        "rust-analyzer-src": "rust-analyzer-src"
      },
      "locked": {
        "lastModified": 1721456965,
        "narHash": "sha256-AJjRiL2diAitpARbE9bUTlgtqHC8QS1ImXNaXMRhKoU=",
        "owner": "nix-community",
        "repo": "fenix",
        "rev": "d3121c162a1fa4fabcb9af9642d50e8b05ddfe83",
        "type": "github"
      },
      "original": {
        "owner": "nix-community",
        "repo": "fenix",
        "type": "github"
      }
    },
    "firefox-addons": {
      "inputs": {
        "flake-utils": "flake-utils",
        "nixpkgs": [
          "nixpkgs-stable"
        ]
      },
      "locked": {
        "dir": "pkgs/firefox-addons",
        "lastModified": 1719644951,
        "narHash": "sha256-MTF+/uUIdFNeyzEFirWyza43AFfr3Syld7aPw2CSCkI=",
        "owner": "rycee",
        "repo": "nur-expressions",
        "rev": "590551ba0bb0f960c7fcd37d6ff3a429f7cc9dd1",
        "type": "gitlab"
      },
      "original": {
        "dir": "pkgs/firefox-addons",
        "owner": "rycee",
        "repo": "nur-expressions",
        "type": "gitlab"
      }
    },
    "flake-utils": {
      "locked": {
        "lastModified": 1629284811,
        "narHash": "sha256-JHgasjPR0/J1J3DRm4KxM4zTyAj4IOJY8vIl75v/kPI=",
        "owner": "numtide",
        "repo": "flake-utils",
        "rev": "c5d161cc0af116a2e17f54316f0bf43f0819785c",
        "type": "github"
      },
      "original": {
        "owner": "numtide",
        "repo": "flake-utils",
        "type": "github"
      }
    },
    "home-manager": {
      "inputs": {
        "nixpkgs": [
          "nixpkgs-stable"
        ]
      },
      "locked": {
        "lastModified": 1718530513,
        "narHash": "sha256-BmO8d0r+BVlwWtMLQEYnwmngqdXIuyFzMwvmTcLMee8=",
        "owner": "nix-community",
        "repo": "home-manager",
        "rev": "a1fddf0967c33754271761d91a3d921772b30d0e",
        "type": "github"
      },
      "original": {
        "owner": "nix-community",
        "ref": "release-24.05",
        "repo": "home-manager",
        "type": "github"
      }
    },
    "impermanence": {
      "locked": {
        "lastModified": 1708968331,
        "narHash": "sha256-VUXLaPusCBvwM3zhGbRIJVeYluh2uWuqtj4WirQ1L9Y=",
        "owner": "nix-community",
        "repo": "impermanence",
        "rev": "a33ef102a02ce77d3e39c25197664b7a636f9c30",
        "type": "github"
      },
      "original": {
        "owner": "nix-community",
        "repo": "impermanence",
        "type": "github"
      }
    },
    "nixos-hardware": {
      "locked": {
        "lastModified": 1715148395,
        "narHash": "sha256-lRxjTxY3103LGMjWdVqntKZHhlmMX12QUjeFrQMmGaE=",
        "owner": "NixOS",
        "repo": "nixos-hardware",
        "rev": "a4e2b7909fc1bdf30c30ef21d388fde0b5cdde4a",
        "type": "github"
      },
      "original": {
        "owner": "NixOS",
        "ref": "master",
        "repo": "nixos-hardware",
        "type": "github"
      }
    },
    "nixpkgs-stable": {
      "locked": {
        "lastModified": 1719426051,
        "narHash": "sha256-yJL9VYQhaRM7xs0M867ZFxwaONB9T2Q4LnGo1WovuR4=",
        "owner": "nixos",
        "repo": "nixpkgs",
        "rev": "89c49874fb15f4124bf71ca5f42a04f2ee5825fd",
        "type": "github"
      },
      "original": {
        "owner": "nixos",
        "ref": "nixos-24.05",
        "repo": "nixpkgs",
        "type": "github"
      }
    },
    "nixpkgs-unstable": {
      "locked": {
        "lastModified": 1715534503,
        "narHash": "sha256-5ZSVkFadZbFP1THataCaSf0JH2cAH3S29hU9rrxTEqk=",
        "owner": "nixos",
        "repo": "nixpkgs",
        "rev": "2057814051972fa1453ddfb0d98badbea9b83c06",
        "type": "github"
      },
      "original": {
        "owner": "nixos",
        "ref": "nixos-unstable",
        "repo": "nixpkgs",
        "type": "github"
      }
    },
    "root": {
      "inputs": {
        "disko": "disko",
        "fenix": "fenix",
        "firefox-addons": "firefox-addons",
        "home-manager": "home-manager",
        "impermanence": "impermanence",
        "nixos-hardware": "nixos-hardware",
        "nixpkgs-stable": "nixpkgs-stable",
        "nixpkgs-unstable": "nixpkgs-unstable"
      }
    },
    "rust-analyzer-src": {
      "flake": false,
      "locked": {
        "lastModified": 1721414716,
        "narHash": "sha256-23zmEelXzAvnfMlLsJ6a6P7yNiI9WOUrS9xh9dXVc/U=",
        "owner": "rust-lang",
        "repo": "rust-analyzer",
        "rev": "b333f85a9dc06a45d9eb126c6371414c49b46784",
        "type": "github"
      },
      "original": {
        "owner": "rust-lang",
        "ref": "nightly",
        "repo": "rust-analyzer",
        "type": "github"
      }
    }
  },
  "root": "root",
  "version": 7
}
